// !$*UTF8*$!
{
	archiveVersion = 1;
	classes = {
	};
	objectVersion = 56;
	objects = {

/* Begin PBXBuildFile section */
		7CD89EF92BCDAEB400931896 /* StudentScheduleCollection.swift in Sources */ = {isa = PBXBuildFile; fileRef = 7CD89EF82BCDAEB400931896 /* StudentScheduleCollection.swift */; };
		7CE3EDD42BBC3C83005F637E /* GrotonAppApp.swift in Sources */ = {isa = PBXBuildFile; fileRef = 7CE3EDD32BBC3C83005F637E /* GrotonAppApp.swift */; };
		7CE3EDDA2BBC3C84005F637E /* Assets.xcassets in Resources */ = {isa = PBXBuildFile; fileRef = 7CE3EDD92BBC3C84005F637E /* Assets.xcassets */; };
		7CE3EDDD2BBC3C84005F637E /* Preview Assets.xcassets in Resources */ = {isa = PBXBuildFile; fileRef = 7CE3EDDC2BBC3C84005F637E /* Preview Assets.xcassets */; };
		7CE3EDEC2BBC3D20005F637E /* TokenView.swift in Sources */ = {isa = PBXBuildFile; fileRef = 7CE3EDE42BBC3D20005F637E /* TokenView.swift */; };
		7CE3EDEF2BBC3D20005F637E /* OAuth2.swift in Sources */ = {isa = PBXBuildFile; fileRef = 7CE3EDE72BBC3D20005F637E /* OAuth2.swift */; };
		7CE3EDF02BBC3D20005F637E /* WebView.swift in Sources */ = {isa = PBXBuildFile; fileRef = 7CE3EDE82BBC3D20005F637E /* WebView.swift */; };
		7CE3EDF62BBC3DD2005F637E /* ContentView.swift in Sources */ = {isa = PBXBuildFile; fileRef = 7CE3EDF52BBC3DD2005F637E /* ContentView.swift */; };
		7CE3EDF92BC323D2005F637E /* ScheduleView.swift in Sources */ = {isa = PBXBuildFile; fileRef = 7CE3EDF82BC323D2005F637E /* ScheduleView.swift */; };
		7CE3EDFB2BC47048005F637E /* Keychain.swift in Sources */ = {isa = PBXBuildFile; fileRef = 7CE3EDFA2BC47048005F637E /* Keychain.swift */; };
		7CE3EDFD2BC4706F005F637E /* TokenManager.swift in Sources */ = {isa = PBXBuildFile; fileRef = 7CE3EDFC2BC4706F005F637E /* TokenManager.swift */; };
		7CE3EDFF2BC4710F005F637E /* APIManager.swift in Sources */ = {isa = PBXBuildFile; fileRef = 7CE3EDFE2BC4710F005F637E /* APIManager.swift */; };
		7CE3EE022BC4776D005F637E /* Schedule.swift in Sources */ = {isa = PBXBuildFile; fileRef = 7CE3EE012BC4776D005F637E /* Schedule.swift */; };
		7CF73B002BE3DADF008AB278 /* Assignment.swift in Sources */ = {isa = PBXBuildFile; fileRef = 7CF73AFF2BE3DADF008AB278 /* Assignment.swift */; };
		7CF73B022BE3DAF1008AB278 /* AssignmentCollection.swift in Sources */ = {isa = PBXBuildFile; fileRef = 7CF73B012BE3DAF1008AB278 /* AssignmentCollection.swift */; };
		7CF73B042BE3E106008AB278 /* AssignmentView.swift in Sources */ = {isa = PBXBuildFile; fileRef = 7CF73B032BE3E106008AB278 /* AssignmentView.swift */; };
		7CF73B062BE3E8C4008AB278 /* UserView.swift in Sources */ = {isa = PBXBuildFile; fileRef = 7CF73B052BE3E8C4008AB278 /* UserView.swift */; };
		7CF73B0A2BE3E9F2008AB278 /* ProfilePictureUrls.swift in Sources */ = {isa = PBXBuildFile; fileRef = 7CF73B092BE3E9F2008AB278 /* ProfilePictureUrls.swift */; };
		7CF73B0C2BE3E9FA008AB278 /* HomeLanguageRead.swift in Sources */ = {isa = PBXBuildFile; fileRef = 7CF73B0B2BE3E9FA008AB278 /* HomeLanguageRead.swift */; };
		7CF73B0E2BE3EA52008AB278 /* User.swift in Sources */ = {isa = PBXBuildFile; fileRef = 7CF73B0D2BE3EA52008AB278 /* User.swift */; };
		7CF73B102BE95AC2008AB278 /* OfferingType.swift in Sources */ = {isa = PBXBuildFile; fileRef = 7CF73B0F2BE95AC2008AB278 /* OfferingType.swift */; };
		7CF73B132BFAF55A008AB278 /* IndividualAssignmentView.swift in Sources */ = {isa = PBXBuildFile; fileRef = 7CF73B122BFAF55A008AB278 /* IndividualAssignmentView.swift */; };
		F4D6DA94D8A6916511922BB7 /* Pods_GrotonApp.framework in Frameworks */ = {isa = PBXBuildFile; fileRef = 362E837E9B611F71A296156F /* Pods_GrotonApp.framework */; };
/* End PBXBuildFile section */

/* Begin PBXFileReference section */
		362E837E9B611F71A296156F /* Pods_GrotonApp.framework */ = {isa = PBXFileReference; explicitFileType = wrapper.framework; includeInIndex = 0; path = Pods_GrotonApp.framework; sourceTree = BUILT_PRODUCTS_DIR; };
		49C6AEDC09786A24D931DF45 /* Pods-GrotonApp.release.xcconfig */ = {isa = PBXFileReference; includeInIndex = 1; lastKnownFileType = text.xcconfig; name = "Pods-GrotonApp.release.xcconfig"; path = "Target Support Files/Pods-GrotonApp/Pods-GrotonApp.release.xcconfig"; sourceTree = "<group>"; };
		7CD89EF82BCDAEB400931896 /* StudentScheduleCollection.swift */ = {isa = PBXFileReference; lastKnownFileType = sourcecode.swift; path = StudentScheduleCollection.swift; sourceTree = "<group>"; };
		7CE3EDD02BBC3C83005F637E /* GrotonApp.app */ = {isa = PBXFileReference; explicitFileType = wrapper.application; includeInIndex = 0; path = GrotonApp.app; sourceTree = BUILT_PRODUCTS_DIR; };
		7CE3EDD32BBC3C83005F637E /* GrotonAppApp.swift */ = {isa = PBXFileReference; lastKnownFileType = sourcecode.swift; path = GrotonAppApp.swift; sourceTree = "<group>"; };
		7CE3EDD92BBC3C84005F637E /* Assets.xcassets */ = {isa = PBXFileReference; lastKnownFileType = folder.assetcatalog; path = Assets.xcassets; sourceTree = "<group>"; };
		7CE3EDDC2BBC3C84005F637E /* Preview Assets.xcassets */ = {isa = PBXFileReference; lastKnownFileType = folder.assetcatalog; path = "Preview Assets.xcassets"; sourceTree = "<group>"; };
		7CE3EDE42BBC3D20005F637E /* TokenView.swift */ = {isa = PBXFileReference; fileEncoding = 4; lastKnownFileType = sourcecode.swift; path = TokenView.swift; sourceTree = "<group>"; };
		7CE3EDE72BBC3D20005F637E /* OAuth2.swift */ = {isa = PBXFileReference; fileEncoding = 4; lastKnownFileType = sourcecode.swift; path = OAuth2.swift; sourceTree = "<group>"; };
		7CE3EDE82BBC3D20005F637E /* WebView.swift */ = {isa = PBXFileReference; fileEncoding = 4; lastKnownFileType = sourcecode.swift; path = WebView.swift; sourceTree = "<group>"; };
		7CE3EDF52BBC3DD2005F637E /* ContentView.swift */ = {isa = PBXFileReference; fileEncoding = 4; lastKnownFileType = sourcecode.swift; path = ContentView.swift; sourceTree = "<group>"; };
		7CE3EDF72BBC3F77005F637E /* Info.plist */ = {isa = PBXFileReference; lastKnownFileType = text.plist; path = Info.plist; sourceTree = "<group>"; };
		7CE3EDF82BC323D2005F637E /* ScheduleView.swift */ = {isa = PBXFileReference; lastKnownFileType = sourcecode.swift; path = ScheduleView.swift; sourceTree = "<group>"; };
		7CE3EDFA2BC47048005F637E /* Keychain.swift */ = {isa = PBXFileReference; lastKnownFileType = sourcecode.swift; path = Keychain.swift; sourceTree = "<group>"; };
		7CE3EDFC2BC4706F005F637E /* TokenManager.swift */ = {isa = PBXFileReference; lastKnownFileType = sourcecode.swift; path = TokenManager.swift; sourceTree = "<group>"; };
		7CE3EDFE2BC4710F005F637E /* APIManager.swift */ = {isa = PBXFileReference; lastKnownFileType = sourcecode.swift; path = APIManager.swift; sourceTree = "<group>"; };
		7CE3EE012BC4776D005F637E /* Schedule.swift */ = {isa = PBXFileReference; lastKnownFileType = sourcecode.swift; path = Schedule.swift; sourceTree = "<group>"; };
		7CF73AFF2BE3DADF008AB278 /* Assignment.swift */ = {isa = PBXFileReference; lastKnownFileType = sourcecode.swift; path = Assignment.swift; sourceTree = "<group>"; };
		7CF73B012BE3DAF1008AB278 /* AssignmentCollection.swift */ = {isa = PBXFileReference; lastKnownFileType = sourcecode.swift; path = AssignmentCollection.swift; sourceTree = "<group>"; };
		7CF73B032BE3E106008AB278 /* AssignmentView.swift */ = {isa = PBXFileReference; lastKnownFileType = sourcecode.swift; path = AssignmentView.swift; sourceTree = "<group>"; };
		7CF73B052BE3E8C4008AB278 /* UserView.swift */ = {isa = PBXFileReference; fileEncoding = 4; lastKnownFileType = sourcecode.swift; path = UserView.swift; sourceTree = "<group>"; };
		7CF73B092BE3E9F2008AB278 /* ProfilePictureUrls.swift */ = {isa = PBXFileReference; fileEncoding = 4; lastKnownFileType = sourcecode.swift; path = ProfilePictureUrls.swift; sourceTree = "<group>"; };
		7CF73B0B2BE3E9FA008AB278 /* HomeLanguageRead.swift */ = {isa = PBXFileReference; fileEncoding = 4; lastKnownFileType = sourcecode.swift; path = HomeLanguageRead.swift; sourceTree = "<group>"; };
		7CF73B0D2BE3EA52008AB278 /* User.swift */ = {isa = PBXFileReference; fileEncoding = 4; lastKnownFileType = sourcecode.swift; path = User.swift; sourceTree = "<group>"; };
		7CF73B0F2BE95AC2008AB278 /* OfferingType.swift */ = {isa = PBXFileReference; fileEncoding = 4; lastKnownFileType = sourcecode.swift; path = OfferingType.swift; sourceTree = "<group>"; };
		7CF73B122BFAF55A008AB278 /* IndividualAssignmentView.swift */ = {isa = PBXFileReference; lastKnownFileType = sourcecode.swift; path = IndividualAssignmentView.swift; sourceTree = "<group>"; };
		E76B73EFF2B0E80F772CE197 /* Pods-GrotonApp.debug.xcconfig */ = {isa = PBXFileReference; includeInIndex = 1; lastKnownFileType = text.xcconfig; name = "Pods-GrotonApp.debug.xcconfig"; path = "Target Support Files/Pods-GrotonApp/Pods-GrotonApp.debug.xcconfig"; sourceTree = "<group>"; };
/* End PBXFileReference section */

/* Begin PBXFrameworksBuildPhase section */
		7CE3EDCD2BBC3C83005F637E /* Frameworks */ = {
			isa = PBXFrameworksBuildPhase;
			buildActionMask = 2147483647;
			files = (
				F4D6DA94D8A6916511922BB7 /* Pods_GrotonApp.framework in Frameworks */,
			);
			runOnlyForDeploymentPostprocessing = 0;
		};
/* End PBXFrameworksBuildPhase section */

/* Begin PBXGroup section */
		1309668CF64643ECDB0B1195 /* Pods */ = {
			isa = PBXGroup;
			children = (
				E76B73EFF2B0E80F772CE197 /* Pods-GrotonApp.debug.xcconfig */,
				49C6AEDC09786A24D931DF45 /* Pods-GrotonApp.release.xcconfig */,
			);
			path = Pods;
			sourceTree = "<group>";
		};
		7CE3EDC72BBC3C83005F637E = {
			isa = PBXGroup;
			children = (
				7CE3EDD22BBC3C83005F637E /* GrotonApp */,
				7CE3EDD12BBC3C83005F637E /* Products */,
				1309668CF64643ECDB0B1195 /* Pods */,
				8B0018EF980D25387291D70A /* Frameworks */,
			);
			sourceTree = "<group>";
		};
		7CE3EDD12BBC3C83005F637E /* Products */ = {
			isa = PBXGroup;
			children = (
				7CE3EDD02BBC3C83005F637E /* GrotonApp.app */,
			);
			name = Products;
			sourceTree = "<group>";
		};
		7CE3EDD22BBC3C83005F637E /* GrotonApp */ = {
			isa = PBXGroup;
			children = (
				7CE3EDF72BBC3F77005F637E /* Info.plist */,
				7CE3EDD32BBC3C83005F637E /* GrotonAppApp.swift */,
				7CE3EDE72BBC3D20005F637E /* OAuth2.swift */,
				7CE3EDFA2BC47048005F637E /* Keychain.swift */,
				7CE3EDFC2BC4706F005F637E /* TokenManager.swift */,
				7CE3EDFE2BC4710F005F637E /* APIManager.swift */,
				7CF73B112BFAF52D008AB278 /* Views */,
				7CE3EDD92BBC3C84005F637E /* Assets.xcassets */,
				7CE3EE002BC4775B005F637E /* Models */,
				7CE3EDDB2BBC3C84005F637E /* Preview Content */,
			);
			path = GrotonApp;
			sourceTree = "<group>";
		};
		7CE3EDDB2BBC3C84005F637E /* Preview Content */ = {
			isa = PBXGroup;
			children = (
				7CE3EDDC2BBC3C84005F637E /* Preview Assets.xcassets */,
			);
			path = "Preview Content";
			sourceTree = "<group>";
		};
		7CE3EE002BC4775B005F637E /* Models */ = {
			isa = PBXGroup;
			children = (
				7CF73B0D2BE3EA52008AB278 /* User.swift */,
				7CF73B0F2BE95AC2008AB278 /* OfferingType.swift */,
				7CF73B092BE3E9F2008AB278 /* ProfilePictureUrls.swift */,
				7CE3EE012BC4776D005F637E /* Schedule.swift */,
				7CF73B0B2BE3E9FA008AB278 /* HomeLanguageRead.swift */,
				7CF73AFF2BE3DADF008AB278 /* Assignment.swift */,
				7CF73B012BE3DAF1008AB278 /* AssignmentCollection.swift */,
				7CD89EF82BCDAEB400931896 /* StudentScheduleCollection.swift */,
			);
			path = Models;
			sourceTree = "<group>";
		};
		7CF73B112BFAF52D008AB278 /* Views */ = {
			isa = PBXGroup;
			children = (
				7CE3EDF52BBC3DD2005F637E /* ContentView.swift */,
				7CE3EDE42BBC3D20005F637E /* TokenView.swift */,
				7CF73B122BFAF55A008AB278 /* IndividualAssignmentView.swift */,
				7CE3EDE82BBC3D20005F637E /* WebView.swift */,
				7CE3EDF82BC323D2005F637E /* ScheduleView.swift */,
				7CF73B052BE3E8C4008AB278 /* UserView.swift */,
				7CF73B032BE3E106008AB278 /* AssignmentView.swift */,
			);
			path = Views;
			sourceTree = "<group>";
		};
		8B0018EF980D25387291D70A /* Frameworks */ = {
			isa = PBXGroup;
			children = (
				362E837E9B611F71A296156F /* Pods_GrotonApp.framework */,
			);
			name = Frameworks;
			sourceTree = "<group>";
		};
/* End PBXGroup section */

/* Begin PBXNativeTarget section */
		7CE3EDCF2BBC3C83005F637E /* GrotonApp */ = {
			isa = PBXNativeTarget;
			buildConfigurationList = 7CE3EDE02BBC3C84005F637E /* Build configuration list for PBXNativeTarget "GrotonApp" */;
			buildPhases = (
				32EBDE64DD8545D4892EAAD1 /* [CP] Check Pods Manifest.lock */,
				7CE3EDCC2BBC3C83005F637E /* Sources */,
				7CE3EDCD2BBC3C83005F637E /* Frameworks */,
				7CE3EDCE2BBC3C83005F637E /* Resources */,
				C336C252B6AFB165A11E3BBA /* [CP] Embed Pods Frameworks */,
			);
			buildRules = (
			);
			dependencies = (
			);
			name = GrotonApp;
			productName = GrotonApp;
			productReference = 7CE3EDD02BBC3C83005F637E /* GrotonApp.app */;
			productType = "com.apple.product-type.application";
		};
/* End PBXNativeTarget section */

/* Begin PBXProject section */
		7CE3EDC82BBC3C83005F637E /* Project object */ = {
			isa = PBXProject;
			attributes = {
				BuildIndependentTargetsInParallel = 1;
				LastSwiftUpdateCheck = 1530;
				LastUpgradeCheck = 1530;
				TargetAttributes = {
					7CE3EDCF2BBC3C83005F637E = {
						CreatedOnToolsVersion = 15.3;
					};
				};
			};
			buildConfigurationList = 7CE3EDCB2BBC3C83005F637E /* Build configuration list for PBXProject "GrotonApp" */;
			compatibilityVersion = "Xcode 14.0";
			developmentRegion = en;
			hasScannedForEncodings = 0;
			knownRegions = (
				en,
				Base,
			);
			mainGroup = 7CE3EDC72BBC3C83005F637E;
			productRefGroup = 7CE3EDD12BBC3C83005F637E /* Products */;
			projectDirPath = "";
			projectRoot = "";
			targets = (
				7CE3EDCF2BBC3C83005F637E /* GrotonApp */,
			);
		};
/* End PBXProject section */

/* Begin PBXResourcesBuildPhase section */
		7CE3EDCE2BBC3C83005F637E /* Resources */ = {
			isa = PBXResourcesBuildPhase;
			buildActionMask = 2147483647;
			files = (
				7CE3EDDD2BBC3C84005F637E /* Preview Assets.xcassets in Resources */,
				7CE3EDDA2BBC3C84005F637E /* Assets.xcassets in Resources */,
			);
			runOnlyForDeploymentPostprocessing = 0;
		};
/* End PBXResourcesBuildPhase section */

/* Begin PBXShellScriptBuildPhase section */
		32EBDE64DD8545D4892EAAD1 /* [CP] Check Pods Manifest.lock */ = {
			isa = PBXShellScriptBuildPhase;
			buildActionMask = 2147483647;
			files = (
			);
			inputFileListPaths = (
			);
			inputPaths = (
				"${PODS_PODFILE_DIR_PATH}/Podfile.lock",
				"${PODS_ROOT}/Manifest.lock",
			);
			name = "[CP] Check Pods Manifest.lock";
			outputFileListPaths = (
			);
			outputPaths = (
				"$(DERIVED_FILE_DIR)/Pods-GrotonApp-checkManifestLockResult.txt",
			);
			runOnlyForDeploymentPostprocessing = 0;
			shellPath = /bin/sh;
			shellScript = "diff \"${PODS_PODFILE_DIR_PATH}/Podfile.lock\" \"${PODS_ROOT}/Manifest.lock\" > /dev/null\nif [ $? != 0 ] ; then\n    # print error to STDERR\n    echo \"error: The sandbox is not in sync with the Podfile.lock. Run 'pod install' or update your CocoaPods installation.\" >&2\n    exit 1\nfi\n# This output is used by Xcode 'outputs' to avoid re-running this script phase.\necho \"SUCCESS\" > \"${SCRIPT_OUTPUT_FILE_0}\"\n";
			showEnvVarsInLog = 0;
		};
		C336C252B6AFB165A11E3BBA /* [CP] Embed Pods Frameworks */ = {
			isa = PBXShellScriptBuildPhase;
			buildActionMask = 2147483647;
			files = (
			);
			inputFileListPaths = (
				"${PODS_ROOT}/Target Support Files/Pods-GrotonApp/Pods-GrotonApp-frameworks-${CONFIGURATION}-input-files.xcfilelist",
			);
			name = "[CP] Embed Pods Frameworks";
			outputFileListPaths = (
				"${PODS_ROOT}/Target Support Files/Pods-GrotonApp/Pods-GrotonApp-frameworks-${CONFIGURATION}-output-files.xcfilelist",
			);
			runOnlyForDeploymentPostprocessing = 0;
			shellPath = /bin/sh;
			shellScript = "\"${PODS_ROOT}/Target Support Files/Pods-GrotonApp/Pods-GrotonApp-frameworks.sh\"\n";
			showEnvVarsInLog = 0;
		};
/* End PBXShellScriptBuildPhase section */

/* Begin PBXSourcesBuildPhase section */
		7CE3EDCC2BBC3C83005F637E /* Sources */ = {
			isa = PBXSourcesBuildPhase;
			buildActionMask = 2147483647;
			files = (
				7CF73B0C2BE3E9FA008AB278 /* HomeLanguageRead.swift in Sources */,
				7CF73B002BE3DADF008AB278 /* Assignment.swift in Sources */,
				7CE3EDFF2BC4710F005F637E /* APIManager.swift in Sources */,
				7CF73B102BE95AC2008AB278 /* OfferingType.swift in Sources */,
				7CE3EDFD2BC4706F005F637E /* TokenManager.swift in Sources */,
				7CF73B042BE3E106008AB278 /* AssignmentView.swift in Sources */,
				7CF73B132BFAF55A008AB278 /* IndividualAssignmentView.swift in Sources */,
				7CE3EDEF2BBC3D20005F637E /* OAuth2.swift in Sources */,
				7CE3EDF62BBC3DD2005F637E /* ContentView.swift in Sources */,
				7CE3EDEC2BBC3D20005F637E /* TokenView.swift in Sources */,
				7CF73B062BE3E8C4008AB278 /* UserView.swift in Sources */,
				7CD89EF92BCDAEB400931896 /* StudentScheduleCollection.swift in Sources */,
				7CE3EDF02BBC3D20005F637E /* WebView.swift in Sources */,
				7CF73B0A2BE3E9F2008AB278 /* ProfilePictureUrls.swift in Sources */,
				7CE3EDF92BC323D2005F637E /* ScheduleView.swift in Sources */,
				7CE3EDD42BBC3C83005F637E /* GrotonAppApp.swift in Sources */,
				7CE3EE022BC4776D005F637E /* Schedule.swift in Sources */,
				7CF73B022BE3DAF1008AB278 /* AssignmentCollection.swift in Sources */,
				7CE3EDFB2BC47048005F637E /* Keychain.swift in Sources */,
				7CF73B0E2BE3EA52008AB278 /* User.swift in Sources */,
			);
			runOnlyForDeploymentPostprocessing = 0;
		};
/* End PBXSourcesBuildPhase section */

/* Begin XCBuildConfiguration section */
		7CE3EDDE2BBC3C84005F637E /* Debug */ = {
			isa = XCBuildConfiguration;
			buildSettings = {
				ALWAYS_SEARCH_USER_PATHS = NO;
				ASSETCATALOG_COMPILER_GENERATE_SWIFT_ASSET_SYMBOL_EXTENSIONS = YES;
				CLANG_ANALYZER_NONNULL = YES;
				CLANG_ANALYZER_NUMBER_OBJECT_CONVERSION = YES_AGGRESSIVE;
				CLANG_CXX_LANGUAGE_STANDARD = "gnu++20";
				CLANG_ENABLE_MODULES = YES;
				CLANG_ENABLE_OBJC_ARC = YES;
				CLANG_ENABLE_OBJC_WEAK = YES;
				CLANG_WARN_BLOCK_CAPTURE_AUTORELEASING = YES;
				CLANG_WARN_BOOL_CONVERSION = YES;
				CLANG_WARN_COMMA = YES;
				CLANG_WARN_CONSTANT_CONVERSION = YES;
				CLANG_WARN_DEPRECATED_OBJC_IMPLEMENTATIONS = YES;
				CLANG_WARN_DIRECT_OBJC_ISA_USAGE = YES_ERROR;
				CLANG_WARN_DOCUMENTATION_COMMENTS = YES;
				CLANG_WARN_EMPTY_BODY = YES;
				CLANG_WARN_ENUM_CONVERSION = YES;
				CLANG_WARN_INFINITE_RECURSION = YES;
				CLANG_WARN_INT_CONVERSION = YES;
				CLANG_WARN_NON_LITERAL_NULL_CONVERSION = YES;
				CLANG_WARN_OBJC_IMPLICIT_RETAIN_SELF = YES;
				CLANG_WARN_OBJC_LITERAL_CONVERSION = YES;
				CLANG_WARN_OBJC_ROOT_CLASS = YES_ERROR;
				CLANG_WARN_QUOTED_INCLUDE_IN_FRAMEWORK_HEADER = YES;
				CLANG_WARN_RANGE_LOOP_ANALYSIS = YES;
				CLANG_WARN_STRICT_PROTOTYPES = YES;
				CLANG_WARN_SUSPICIOUS_MOVE = YES;
				CLANG_WARN_UNGUARDED_AVAILABILITY = YES_AGGRESSIVE;
				CLANG_WARN_UNREACHABLE_CODE = YES;
				CLANG_WARN__DUPLICATE_METHOD_MATCH = YES;
				COPY_PHASE_STRIP = NO;
				DEBUG_INFORMATION_FORMAT = dwarf;
				ENABLE_STRICT_OBJC_MSGSEND = YES;
				ENABLE_TESTABILITY = YES;
				ENABLE_USER_SCRIPT_SANDBOXING = NO;
				GCC_C_LANGUAGE_STANDARD = gnu17;
				GCC_DYNAMIC_NO_PIC = NO;
				GCC_NO_COMMON_BLOCKS = YES;
				GCC_OPTIMIZATION_LEVEL = 0;
				GCC_PREPROCESSOR_DEFINITIONS = (
					"DEBUG=1",
					"$(inherited)",
				);
				GCC_WARN_64_TO_32_BIT_CONVERSION = YES;
				GCC_WARN_ABOUT_RETURN_TYPE = YES_ERROR;
				GCC_WARN_UNDECLARED_SELECTOR = YES;
				GCC_WARN_UNINITIALIZED_AUTOS = YES_AGGRESSIVE;
				GCC_WARN_UNUSED_FUNCTION = YES;
				GCC_WARN_UNUSED_VARIABLE = YES;
				IPHONEOS_DEPLOYMENT_TARGET = 17.4;
				LOCALIZATION_PREFERS_STRING_CATALOGS = YES;
				MTL_ENABLE_DEBUG_INFO = INCLUDE_SOURCE;
				MTL_FAST_MATH = YES;
				ONLY_ACTIVE_ARCH = YES;
				SDKROOT = iphoneos;
				SWIFT_ACTIVE_COMPILATION_CONDITIONS = "DEBUG $(inherited)";
				SWIFT_OPTIMIZATION_LEVEL = "-Onone";
			};
			name = Debug;
		};
		7CE3EDDF2BBC3C84005F637E /* Release */ = {
			isa = XCBuildConfiguration;
			buildSettings = {
				ALWAYS_SEARCH_USER_PATHS = NO;
				ASSETCATALOG_COMPILER_GENERATE_SWIFT_ASSET_SYMBOL_EXTENSIONS = YES;
				CLANG_ANALYZER_NONNULL = YES;
				CLANG_ANALYZER_NUMBER_OBJECT_CONVERSION = YES_AGGRESSIVE;
				CLANG_CXX_LANGUAGE_STANDARD = "gnu++20";
				CLANG_ENABLE_MODULES = YES;
				CLANG_ENABLE_OBJC_ARC = YES;
				CLANG_ENABLE_OBJC_WEAK = YES;
				CLANG_WARN_BLOCK_CAPTURE_AUTORELEASING = YES;
				CLANG_WARN_BOOL_CONVERSION = YES;
				CLANG_WARN_COMMA = YES;
				CLANG_WARN_CONSTANT_CONVERSION = YES;
				CLANG_WARN_DEPRECATED_OBJC_IMPLEMENTATIONS = YES;
				CLANG_WARN_DIRECT_OBJC_ISA_USAGE = YES_ERROR;
				CLANG_WARN_DOCUMENTATION_COMMENTS = YES;
				CLANG_WARN_EMPTY_BODY = YES;
				CLANG_WARN_ENUM_CONVERSION = YES;
				CLANG_WARN_INFINITE_RECURSION = YES;
				CLANG_WARN_INT_CONVERSION = YES;
				CLANG_WARN_NON_LITERAL_NULL_CONVERSION = YES;
				CLANG_WARN_OBJC_IMPLICIT_RETAIN_SELF = YES;
				CLANG_WARN_OBJC_LITERAL_CONVERSION = YES;
				CLANG_WARN_OBJC_ROOT_CLASS = YES_ERROR;
				CLANG_WARN_QUOTED_INCLUDE_IN_FRAMEWORK_HEADER = YES;
				CLANG_WARN_RANGE_LOOP_ANALYSIS = YES;
				CLANG_WARN_STRICT_PROTOTYPES = YES;
				CLANG_WARN_SUSPICIOUS_MOVE = YES;
				CLANG_WARN_UNGUARDED_AVAILABILITY = YES_AGGRESSIVE;
				CLANG_WARN_UNREACHABLE_CODE = YES;
				CLANG_WARN__DUPLICATE_METHOD_MATCH = YES;
				COPY_PHASE_STRIP = NO;
				DEBUG_INFORMATION_FORMAT = "dwarf-with-dsym";
				ENABLE_NS_ASSERTIONS = NO;
				ENABLE_STRICT_OBJC_MSGSEND = YES;
				ENABLE_USER_SCRIPT_SANDBOXING = NO;
				GCC_C_LANGUAGE_STANDARD = gnu17;
				GCC_NO_COMMON_BLOCKS = YES;
				GCC_WARN_64_TO_32_BIT_CONVERSION = YES;
				GCC_WARN_ABOUT_RETURN_TYPE = YES_ERROR;
				GCC_WARN_UNDECLARED_SELECTOR = YES;
				GCC_WARN_UNINITIALIZED_AUTOS = YES_AGGRESSIVE;
				GCC_WARN_UNUSED_FUNCTION = YES;
				GCC_WARN_UNUSED_VARIABLE = YES;
				IPHONEOS_DEPLOYMENT_TARGET = 17.4;
				LOCALIZATION_PREFERS_STRING_CATALOGS = YES;
				MTL_ENABLE_DEBUG_INFO = NO;
				MTL_FAST_MATH = YES;
				SDKROOT = iphoneos;
				SWIFT_COMPILATION_MODE = wholemodule;
				VALIDATE_PRODUCT = YES;
			};
			name = Release;
		};
		7CE3EDE12BBC3C84005F637E /* Debug */ = {
			isa = XCBuildConfiguration;
			baseConfigurationReference = E76B73EFF2B0E80F772CE197 /* Pods-GrotonApp.debug.xcconfig */;
			buildSettings = {
				ASSETCATALOG_COMPILER_APPICON_NAME = AppIcon;
				ASSETCATALOG_COMPILER_GLOBAL_ACCENT_COLOR_NAME = AccentColor;
				CODE_SIGN_STYLE = Automatic;
				CURRENT_PROJECT_VERSION = 1;
				DEVELOPMENT_ASSET_PATHS = "\"GrotonApp/Preview Content\"";
				DEVELOPMENT_TEAM = 426GWRQHWF;
				ENABLE_PREVIEWS = YES;
				GENERATE_INFOPLIST_FILE = YES;
				INFOPLIST_FILE = GrotonApp/Info.plist;
				INFOPLIST_KEY_UIApplicationSceneManifest_Generation = YES;
				INFOPLIST_KEY_UIApplicationSupportsIndirectInputEvents = YES;
				INFOPLIST_KEY_UILaunchScreen_Generation = YES;
				INFOPLIST_KEY_UISupportedInterfaceOrientations_iPad = "UIInterfaceOrientationPortrait UIInterfaceOrientationPortraitUpsideDown UIInterfaceOrientationLandscapeLeft UIInterfaceOrientationLandscapeRight";
				INFOPLIST_KEY_UISupportedInterfaceOrientations_iPhone = "UIInterfaceOrientationPortrait UIInterfaceOrientationLandscapeLeft UIInterfaceOrientationLandscapeRight";
				LD_RUNPATH_SEARCH_PATHS = (
					"$(inherited)",
					"@executable_path/Frameworks",
				);
				MARKETING_VERSION = 1.0;
				PRODUCT_BUNDLE_IDENTIFIER = org.groton.gjanusz24.GrotonApp;
				PRODUCT_NAME = "$(TARGET_NAME)";
				SWIFT_EMIT_LOC_STRINGS = YES;
				SWIFT_VERSION = 5.0;
				TARGETED_DEVICE_FAMILY = "1,2";
			};
			name = Debug;
		};
		7CE3EDE22BBC3C84005F637E /* Release */ = {
			isa = XCBuildConfiguration;
			baseConfigurationReference = 49C6AEDC09786A24D931DF45 /* Pods-GrotonApp.release.xcconfig */;
			buildSettings = {
				ASSETCATALOG_COMPILER_APPICON_NAME = AppIcon;
				ASSETCATALOG_COMPILER_GLOBAL_ACCENT_COLOR_NAME = AccentColor;
				CODE_SIGN_STYLE = Automatic;
				CURRENT_PROJECT_VERSION = 1;
				DEVELOPMENT_ASSET_PATHS = "\"GrotonApp/Preview Content\"";
				DEVELOPMENT_TEAM = 426GWRQHWF;
				ENABLE_PREVIEWS = YES;
				GENERATE_INFOPLIST_FILE = YES;
				INFOPLIST_FILE = GrotonApp/Info.plist;
				INFOPLIST_KEY_UIApplicationSceneManifest_Generation = YES;
				INFOPLIST_KEY_UIApplicationSupportsIndirectInputEvents = YES;
				INFOPLIST_KEY_UILaunchScreen_Generation = YES;
				INFOPLIST_KEY_UISupportedInterfaceOrientations_iPad = "UIInterfaceOrientationPortrait UIInterfaceOrientationPortraitUpsideDown UIInterfaceOrientationLandscapeLeft UIInterfaceOrientationLandscapeRight";
				INFOPLIST_KEY_UISupportedInterfaceOrientations_iPhone = "UIInterfaceOrientationPortrait UIInterfaceOrientationLandscapeLeft UIInterfaceOrientationLandscapeRight";
				LD_RUNPATH_SEARCH_PATHS = (
					"$(inherited)",
					"@executable_path/Frameworks",
				);
				MARKETING_VERSION = 1.0;
				PRODUCT_BUNDLE_IDENTIFIER = org.groton.gjanusz24.GrotonApp;
				PRODUCT_NAME = "$(TARGET_NAME)";
				SWIFT_EMIT_LOC_STRINGS = YES;
				SWIFT_VERSION = 5.0;
				TARGETED_DEVICE_FAMILY = "1,2";
			};
			name = Release;
		};
/* End XCBuildConfiguration section */

/* Begin XCConfigurationList section */
		7CE3EDCB2BBC3C83005F637E /* Build configuration list for PBXProject "GrotonApp" */ = {
			isa = XCConfigurationList;
			buildConfigurations = (
				7CE3EDDE2BBC3C84005F637E /* Debug */,
				7CE3EDDF2BBC3C84005F637E /* Release */,
			);
			defaultConfigurationIsVisible = 0;
			defaultConfigurationName = Release;
		};
		7CE3EDE02BBC3C84005F637E /* Build configuration list for PBXNativeTarget "GrotonApp" */ = {
			isa = XCConfigurationList;
			buildConfigurations = (
				7CE3EDE12BBC3C84005F637E /* Debug */,
				7CE3EDE22BBC3C84005F637E /* Release */,
			);
			defaultConfigurationIsVisible = 0;
			defaultConfigurationName = Release;
		};
/* End XCConfigurationList section */
	};
	rootObject = 7CE3EDC82BBC3C83005F637E /* Project object */;
}
